{
    "_readme": [
        "This file locks the dependencies of your project to a known state",
        "Read more about it at https://getcomposer.org/doc/01-basic-usage.md#installing-dependencies",
        "This file is @generated automatically"
    ],
    "content-hash": "b61a410dc5d82bfa21c1ce112dcac9f8",
    "packages": [
        {
            "name": "pctlib/enums",
            "version": "v0.1.0",
            "source": {
                "type": "git",
                "url": "https://github.com/jasonwt/php-enums.git",
                "reference": "ea01db9e62ac43969ec0d71e4b78fb3c1b4bf5c3"
            },
            "dist": {
                "type": "zip",
                "url": "https://api.github.com/repos/jasonwt/php-enums/zipball/ea01db9e62ac43969ec0d71e4b78fb3c1b4bf5c3",
                "reference": "ea01db9e62ac43969ec0d71e4b78fb3c1b4bf5c3",
                "shasum": ""
            },
            "type": "library",
            "autoload": {
                "psr-4": {
                    "enums\\": "src/"
                }
            },
            "notification-url": "https://packagist.org/downloads/",
            "license": [
                "Apache-2.0"
            ],
            "authors": [
                {
                    "name": "Jason Thompson"
                }
            ],
            "description": "PHP7 enums",
            "support": {
                "issues": "https://github.com/jasonwt/php-enums/issues",
                "source": "https://github.com/jasonwt/php-enums/tree/v0.1.0"
            },
            "time": "2022-11-05T04:01:38+00:00"
        }
    ],
    "packages-dev": [],
    "aliases": [],
    "minimum-stability": "stable",
    "stability-flags": [],
    "prefer-stable": false,
    "prefer-lowest": false,
    "platform": [],
    "platform-dev": [],
    "plugin-api-version": "2.2.0"
}
